
Microsoft Visual Studio Solution File, Format Version 12.00
# Visual Studio Version 17
VisualStudioVersion = 17.3.32929.385
MinimumVisualStudioVersion = 10.0.40219.1
Project("{2150E333-8FDC-42A3-9474-1A3956D46DE8}") = "src", "src", "{4F55F4CA-DEAC-473A-8328-83F8E23BAC14}"
EndProject
Project("{2150E333-8FDC-42A3-9474-1A3956D46DE8}") = "Core", "Core", "{E98D8F8D-22AA-482B-ACD6-9859E348ACB3}"
EndProject
Project("{2150E333-8FDC-42A3-9474-1A3956D46DE8}") = "Infrastructure", "Infrastructure", "{E7EBC812-A22E-4905-B003-2D6F5CB520B2}"
EndProject
Project("{2150E333-8FDC-42A3-9474-1A3956D46DE8}") = "Presentation", "Presentation", "{C64C1176-9E1E-48AA-BDEF-01EE19A68F4C}"
EndProject
Project("{9A19103F-16F7-4668-BE54-9A1E7A4F7556}") = "RecipesApp.Domain", "src\Core\RecipesApp.Domain\RecipesApp.Domain.csproj", "{F3EB38E1-7898-4DEA-B79A-3E3A1C635851}"
EndProject
Project("{9A19103F-16F7-4668-BE54-9A1E7A4F7556}") = "RecipesApp.Application", "src\Core\RecipesApp.Application\RecipesApp.Application.csproj", "{62C7A84F-DDAA-49AE-AA14-8DF55B291834}"
EndProject
Project("{9A19103F-16F7-4668-BE54-9A1E7A4F7556}") = "RecipesApp.Infrastructure", "src\Infrastructure\RecipesApp.Infrastructure\RecipesApp.Infrastructure.csproj", "{761449C1-B7C5-446A-8481-6BADA15AAC36}"
EndProject
Project("{9A19103F-16F7-4668-BE54-9A1E7A4F7556}") = "RecipesApp.Persistence", "src\Infrastructure\RecipesApp.Persistence\RecipesApp.Persistence.csproj", "{3AF2E93E-854E-44A2-BEFD-9EF1BFA5C80A}"
EndProject
Project("{9A19103F-16F7-4668-BE54-9A1E7A4F7556}") = "RecipesApp.API", "src\Presentation\RecipesApp.API\RecipesApp.API.csproj", "{9DFC488D-E525-48F1-B0A3-B823BDDDD854}"
EndProject
Global
	GlobalSection(SolutionConfigurationPlatforms) = preSolution
		Debug|Any CPU = Debug|Any CPU
		Release|Any CPU = Release|Any CPU
	EndGlobalSection
	GlobalSection(ProjectConfigurationPlatforms) = postSolution
		{F3EB38E1-7898-4DEA-B79A-3E3A1C635851}.Debug|Any CPU.ActiveCfg = Debug|Any CPU
		{F3EB38E1-7898-4DEA-B79A-3E3A1C635851}.Debug|Any CPU.Build.0 = Debug|Any CPU
		{F3EB38E1-7898-4DEA-B79A-3E3A1C635851}.Release|Any CPU.ActiveCfg = Release|Any CPU
		{F3EB38E1-7898-4DEA-B79A-3E3A1C635851}.Release|Any CPU.Build.0 = Release|Any CPU
		{62C7A84F-DDAA-49AE-AA14-8DF55B291834}.Debug|Any CPU.ActiveCfg = Debug|Any CPU
		{62C7A84F-DDAA-49AE-AA14-8DF55B291834}.Debug|Any CPU.Build.0 = Debug|Any CPU
		{62C7A84F-DDAA-49AE-AA14-8DF55B291834}.Release|Any CPU.ActiveCfg = Release|Any CPU
		{62C7A84F-DDAA-49AE-AA14-8DF55B291834}.Release|Any CPU.Build.0 = Release|Any CPU
		{761449C1-B7C5-446A-8481-6BADA15AAC36}.Debug|Any CPU.ActiveCfg = Debug|Any CPU
		{761449C1-B7C5-446A-8481-6BADA15AAC36}.Debug|Any CPU.Build.0 = Debug|Any CPU
		{761449C1-B7C5-446A-8481-6BADA15AAC36}.Release|Any CPU.ActiveCfg = Release|Any CPU
		{761449C1-B7C5-446A-8481-6BADA15AAC36}.Release|Any CPU.Build.0 = Release|Any CPU
		{3AF2E93E-854E-44A2-BEFD-9EF1BFA5C80A}.Debug|Any CPU.ActiveCfg = Debug|Any CPU
		{3AF2E93E-854E-44A2-BEFD-9EF1BFA5C80A}.Debug|Any CPU.Build.0 = Debug|Any CPU
		{3AF2E93E-854E-44A2-BEFD-9EF1BFA5C80A}.Release|Any CPU.ActiveCfg = Release|Any CPU
		{3AF2E93E-854E-44A2-BEFD-9EF1BFA5C80A}.Release|Any CPU.Build.0 = Release|Any CPU
		{9DFC488D-E525-48F1-B0A3-B823BDDDD854}.Debug|Any CPU.ActiveCfg = Debug|Any CPU
		{9DFC488D-E525-48F1-B0A3-B823BDDDD854}.Debug|Any CPU.Build.0 = Debug|Any CPU
		{9DFC488D-E525-48F1-B0A3-B823BDDDD854}.Release|Any CPU.ActiveCfg = Release|Any CPU
		{9DFC488D-E525-48F1-B0A3-B823BDDDD854}.Release|Any CPU.Build.0 = Release|Any CPU
	EndGlobalSection
	GlobalSection(SolutionProperties) = preSolution
		HideSolutionNode = FALSE
	EndGlobalSection
	GlobalSection(NestedProjects) = preSolution
		{E98D8F8D-22AA-482B-ACD6-9859E348ACB3} = {4F55F4CA-DEAC-473A-8328-83F8E23BAC14}
		{E7EBC812-A22E-4905-B003-2D6F5CB520B2} = {4F55F4CA-DEAC-473A-8328-83F8E23BAC14}
		{C64C1176-9E1E-48AA-BDEF-01EE19A68F4C} = {4F55F4CA-DEAC-473A-8328-83F8E23BAC14}
		{F3EB38E1-7898-4DEA-B79A-3E3A1C635851} = {E98D8F8D-22AA-482B-ACD6-9859E348ACB3}
		{62C7A84F-DDAA-49AE-AA14-8DF55B291834} = {E98D8F8D-22AA-482B-ACD6-9859E348ACB3}
		{761449C1-B7C5-446A-8481-6BADA15AAC36} = {E7EBC812-A22E-4905-B003-2D6F5CB520B2}
		{3AF2E93E-854E-44A2-BEFD-9EF1BFA5C80A} = {E7EBC812-A22E-4905-B003-2D6F5CB520B2}
		{9DFC488D-E525-48F1-B0A3-B823BDDDD854} = {C64C1176-9E1E-48AA-BDEF-01EE19A68F4C}
	EndGlobalSection
	GlobalSection(ExtensibilityGlobals) = postSolution
		SolutionGuid = {24FB7240-5144-45F7-A7B1-5BE54E56CE56}
	EndGlobalSection
EndGlobal
